
Microsoft Visual Studio Solution File, Format Version 12.00
# Visual Studio Version 17
VisualStudioVersion = 17.5.33516.290
MinimumVisualStudioVersion = 10.0.40219.1
Project("{FAE04EC0-301F-11D3-BF4B-00C04F79EFBC}") = "AkademiPlusSignalRApi", "AkademiPlusSignalRApi\AkademiPlusSignalRApi.csproj", "{91FD4CD2-21BF-4536-AA4C-B5214E45C810}"
EndProject
Project("{FAE04EC0-301F-11D3-BF4B-00C04F79EFBC}") = "AkademiPlusSignalRClient", "AkademiPlusSignalRClient\AkademiPlusSignalRClient.csproj", "{A49AA236-FC8F-4227-B1E1-1B33ABA229E7}"
EndProject
Global
	GlobalSection(SolutionConfigurationPlatforms) = preSolution
		Debug|Any CPU = Debug|Any CPU
		Release|Any CPU = Release|Any CPU
	EndGlobalSection
	GlobalSection(ProjectConfigurationPlatforms) = postSolution
		{91FD4CD2-21BF-4536-AA4C-B5214E45C810}.Debug|Any CPU.ActiveCfg = Debug|Any CPU
		{91FD4CD2-21BF-4536-AA4C-B5214E45C810}.Debug|Any CPU.Build.0 = Debug|Any CPU
		{91FD4CD2-21BF-4536-AA4C-B5214E45C810}.Release|Any CPU.ActiveCfg = Release|Any CPU
		{91FD4CD2-21BF-4536-AA4C-B5214E45C810}.Release|Any CPU.Build.0 = Release|Any CPU
		{A49AA236-FC8F-4227-B1E1-1B33ABA229E7}.Debug|Any CPU.ActiveCfg = Debug|Any CPU
		{A49AA236-FC8F-4227-B1E1-1B33ABA229E7}.Debug|Any CPU.Build.0 = Debug|Any CPU
		{A49AA236-FC8F-4227-B1E1-1B33ABA229E7}.Release|Any CPU.ActiveCfg = Release|Any CPU
		{A49AA236-FC8F-4227-B1E1-1B33ABA229E7}.Release|Any CPU.Build.0 = Release|Any CPU
	EndGlobalSection
	GlobalSection(SolutionProperties) = preSolution
		HideSolutionNode = FALSE
	EndGlobalSection
	GlobalSection(ExtensibilityGlobals) = postSolution
		SolutionGuid = {79AA4FFE-67BF-45A4-8DC5-C46D47C6BA06}
	EndGlobalSection
EndGlobal
